
Microsoft Visual Studio Solution File, Format Version 12.00
# Visual Studio Version 17
VisualStudioVersion = 17.3.32901.215
MinimumVisualStudioVersion = 10.0.40219.1
Project("{9A19103F-16F7-4668-BE54-9A1E7A4F7556}") = "Domain", "Domain\Domain.csproj", "{B5D6CC54-3FDF-4F2F-9F86-4FE96123D458}"
EndProject
Project("{9A19103F-16F7-4668-BE54-9A1E7A4F7556}") = "Infrastructure", "Infrastructure\Infrastructure.csproj", "{53EA1117-D201-4BB5-BD33-F8FC5F0BB39F}"
EndProject
Project("{FAE04EC0-301F-11D3-BF4B-00C04F79EFBC}") = "Application", "Application\Application.csproj", "{709B08EA-7E8B-48AF-92F1-2E782E96079D}"
EndProject
Project("{FAE04EC0-301F-11D3-BF4B-00C04F79EFBC}") = "Quinto", "Quinto\Quinto.csproj", "{C91E99C5-3173-4F2A-A923-872E3AA4D64F}"
EndProject
Global
	GlobalSection(SolutionConfigurationPlatforms) = preSolution
		Debug|Any CPU = Debug|Any CPU
		Release|Any CPU = Release|Any CPU
	EndGlobalSection
	GlobalSection(ProjectConfigurationPlatforms) = postSolution
		{B5D6CC54-3FDF-4F2F-9F86-4FE96123D458}.Debug|Any CPU.ActiveCfg = Debug|Any CPU
		{B5D6CC54-3FDF-4F2F-9F86-4FE96123D458}.Debug|Any CPU.Build.0 = Debug|Any CPU
		{B5D6CC54-3FDF-4F2F-9F86-4FE96123D458}.Release|Any CPU.ActiveCfg = Release|Any CPU
		{B5D6CC54-3FDF-4F2F-9F86-4FE96123D458}.Release|Any CPU.Build.0 = Release|Any CPU
		{53EA1117-D201-4BB5-BD33-F8FC5F0BB39F}.Debug|Any CPU.ActiveCfg = Debug|Any CPU
		{53EA1117-D201-4BB5-BD33-F8FC5F0BB39F}.Debug|Any CPU.Build.0 = Debug|Any CPU
		{53EA1117-D201-4BB5-BD33-F8FC5F0BB39F}.Release|Any CPU.ActiveCfg = Release|Any CPU
		{53EA1117-D201-4BB5-BD33-F8FC5F0BB39F}.Release|Any CPU.Build.0 = Release|Any CPU
		{709B08EA-7E8B-48AF-92F1-2E782E96079D}.Debug|Any CPU.ActiveCfg = Debug|Any CPU
		{709B08EA-7E8B-48AF-92F1-2E782E96079D}.Debug|Any CPU.Build.0 = Debug|Any CPU
		{709B08EA-7E8B-48AF-92F1-2E782E96079D}.Release|Any CPU.ActiveCfg = Release|Any CPU
		{709B08EA-7E8B-48AF-92F1-2E782E96079D}.Release|Any CPU.Build.0 = Release|Any CPU
		{C91E99C5-3173-4F2A-A923-872E3AA4D64F}.Debug|Any CPU.ActiveCfg = Debug|Any CPU
		{C91E99C5-3173-4F2A-A923-872E3AA4D64F}.Debug|Any CPU.Build.0 = Debug|Any CPU
		{C91E99C5-3173-4F2A-A923-872E3AA4D64F}.Release|Any CPU.ActiveCfg = Release|Any CPU
		{C91E99C5-3173-4F2A-A923-872E3AA4D64F}.Release|Any CPU.Build.0 = Release|Any CPU
	EndGlobalSection
	GlobalSection(SolutionProperties) = preSolution
		HideSolutionNode = FALSE
	EndGlobalSection
	GlobalSection(ExtensibilityGlobals) = postSolution
		SolutionGuid = {9F27FC72-24B3-4570-9293-836CAFF56CC4}
	EndGlobalSection
EndGlobal
