
Microsoft Visual Studio Solution File, Format Version 12.00
# Visual Studio Version 17
VisualStudioVersion = 17.2.32317.152
MinimumVisualStudioVersion = 10.0.40219.1
Project("{9A19103F-16F7-4668-BE54-9A1E7A4F7556}") = "Tercero", "Tercero\Tercero.csproj", "{C47548E3-988B-494F-969D-B0B7624099E5}"
EndProject
Project("{9A19103F-16F7-4668-BE54-9A1E7A4F7556}") = "TerceroTest", "TerceroTest\TerceroTest.csproj", "{1745DF91-A52A-43C6-9DA0-9F3D2BD72888}"
EndProject
Global
	GlobalSection(SolutionConfigurationPlatforms) = preSolution
		Debug|Any CPU = Debug|Any CPU
		Release|Any CPU = Release|Any CPU
	EndGlobalSection
	GlobalSection(ProjectConfigurationPlatforms) = postSolution
		{C47548E3-988B-494F-969D-B0B7624099E5}.Debug|Any CPU.ActiveCfg = Debug|Any CPU
		{C47548E3-988B-494F-969D-B0B7624099E5}.Debug|Any CPU.Build.0 = Debug|Any CPU
		{C47548E3-988B-494F-969D-B0B7624099E5}.Release|Any CPU.ActiveCfg = Release|Any CPU
		{C47548E3-988B-494F-969D-B0B7624099E5}.Release|Any CPU.Build.0 = Release|Any CPU
		{1745DF91-A52A-43C6-9DA0-9F3D2BD72888}.Debug|Any CPU.ActiveCfg = Debug|Any CPU
		{1745DF91-A52A-43C6-9DA0-9F3D2BD72888}.Debug|Any CPU.Build.0 = Debug|Any CPU
		{1745DF91-A52A-43C6-9DA0-9F3D2BD72888}.Release|Any CPU.ActiveCfg = Release|Any CPU
		{1745DF91-A52A-43C6-9DA0-9F3D2BD72888}.Release|Any CPU.Build.0 = Release|Any CPU
	EndGlobalSection
	GlobalSection(SolutionProperties) = preSolution
		HideSolutionNode = FALSE
	EndGlobalSection
	GlobalSection(ExtensibilityGlobals) = postSolution
		SolutionGuid = {676425F6-CD62-4C8C-8ECE-98138B01CE77}
	EndGlobalSection
EndGlobal
