
Microsoft Visual Studio Solution File, Format Version 12.00
# Visual Studio Version 17
VisualStudioVersion = 17.3.32901.215
MinimumVisualStudioVersion = 10.0.40219.1
Project("{9A19103F-16F7-4668-BE54-9A1E7A4F7556}") = "Sexto", "Sexto\Sexto.csproj", "{0E8C054B-7731-4E17-BB9F-72AB1E3D7374}"
EndProject
Project("{9A19103F-16F7-4668-BE54-9A1E7A4F7556}") = "Domain", "Domain\Domain.csproj", "{B3C4419D-E84C-476F-AF09-A773FD45B09B}"
EndProject
Project("{9A19103F-16F7-4668-BE54-9A1E7A4F7556}") = "Infrastructure", "Infrastructure\Infrastructure.csproj", "{05734942-BFD7-4D82-9C09-B98517F889FF}"
EndProject
Project("{9A19103F-16F7-4668-BE54-9A1E7A4F7556}") = "Application", "Application\Application.csproj", "{596C2605-D3C3-4440-97FC-D8AF46AB4856}"
EndProject
Project("{FAE04EC0-301F-11D3-BF4B-00C04F79EFBC}") = "SharedKernel", "SharedKernel\SharedKernel.csproj", "{5F61EEF4-C2CF-466D-BCC7-DC10B82C1704}"
EndProject
Global
	GlobalSection(SolutionConfigurationPlatforms) = preSolution
		Debug|Any CPU = Debug|Any CPU
		Release|Any CPU = Release|Any CPU
	EndGlobalSection
	GlobalSection(ProjectConfigurationPlatforms) = postSolution
		{0E8C054B-7731-4E17-BB9F-72AB1E3D7374}.Debug|Any CPU.ActiveCfg = Debug|Any CPU
		{0E8C054B-7731-4E17-BB9F-72AB1E3D7374}.Debug|Any CPU.Build.0 = Debug|Any CPU
		{0E8C054B-7731-4E17-BB9F-72AB1E3D7374}.Release|Any CPU.ActiveCfg = Release|Any CPU
		{0E8C054B-7731-4E17-BB9F-72AB1E3D7374}.Release|Any CPU.Build.0 = Release|Any CPU
		{B3C4419D-E84C-476F-AF09-A773FD45B09B}.Debug|Any CPU.ActiveCfg = Debug|Any CPU
		{B3C4419D-E84C-476F-AF09-A773FD45B09B}.Debug|Any CPU.Build.0 = Debug|Any CPU
		{B3C4419D-E84C-476F-AF09-A773FD45B09B}.Release|Any CPU.ActiveCfg = Release|Any CPU
		{B3C4419D-E84C-476F-AF09-A773FD45B09B}.Release|Any CPU.Build.0 = Release|Any CPU
		{05734942-BFD7-4D82-9C09-B98517F889FF}.Debug|Any CPU.ActiveCfg = Debug|Any CPU
		{05734942-BFD7-4D82-9C09-B98517F889FF}.Debug|Any CPU.Build.0 = Debug|Any CPU
		{05734942-BFD7-4D82-9C09-B98517F889FF}.Release|Any CPU.ActiveCfg = Release|Any CPU
		{05734942-BFD7-4D82-9C09-B98517F889FF}.Release|Any CPU.Build.0 = Release|Any CPU
		{596C2605-D3C3-4440-97FC-D8AF46AB4856}.Debug|Any CPU.ActiveCfg = Debug|Any CPU
		{596C2605-D3C3-4440-97FC-D8AF46AB4856}.Debug|Any CPU.Build.0 = Debug|Any CPU
		{596C2605-D3C3-4440-97FC-D8AF46AB4856}.Release|Any CPU.ActiveCfg = Release|Any CPU
		{596C2605-D3C3-4440-97FC-D8AF46AB4856}.Release|Any CPU.Build.0 = Release|Any CPU
		{5F61EEF4-C2CF-466D-BCC7-DC10B82C1704}.Debug|Any CPU.ActiveCfg = Debug|Any CPU
		{5F61EEF4-C2CF-466D-BCC7-DC10B82C1704}.Debug|Any CPU.Build.0 = Debug|Any CPU
		{5F61EEF4-C2CF-466D-BCC7-DC10B82C1704}.Release|Any CPU.ActiveCfg = Release|Any CPU
		{5F61EEF4-C2CF-466D-BCC7-DC10B82C1704}.Release|Any CPU.Build.0 = Release|Any CPU
	EndGlobalSection
	GlobalSection(SolutionProperties) = preSolution
		HideSolutionNode = FALSE
	EndGlobalSection
	GlobalSection(ExtensibilityGlobals) = postSolution
		SolutionGuid = {6309C026-6935-49EF-9219-C02865EC86A2}
	EndGlobalSection
EndGlobal
