
Microsoft Visual Studio Solution File, Format Version 12.00
# Visual Studio Version 17
VisualStudioVersion = 17.3.32901.215
MinimumVisualStudioVersion = 10.0.40219.1
Project("{9A19103F-16F7-4668-BE54-9A1E7A4F7556}") = "SharedKernel", "SharedKernel\SharedKernel.csproj", "{107CC310-4CFB-4AC3-9A09-D57EF2B6EAA4}"
EndProject
Project("{9A19103F-16F7-4668-BE54-9A1E7A4F7556}") = "MediatorAndAggregate", "MediatorAndAggregate\MediatorAndAggregate.csproj", "{35337BFA-A773-4E6F-B747-252E36E6ECA8}"
EndProject
Global
	GlobalSection(SolutionConfigurationPlatforms) = preSolution
		Debug|Any CPU = Debug|Any CPU
		Release|Any CPU = Release|Any CPU
	EndGlobalSection
	GlobalSection(ProjectConfigurationPlatforms) = postSolution
		{107CC310-4CFB-4AC3-9A09-D57EF2B6EAA4}.Debug|Any CPU.ActiveCfg = Debug|Any CPU
		{107CC310-4CFB-4AC3-9A09-D57EF2B6EAA4}.Debug|Any CPU.Build.0 = Debug|Any CPU
		{107CC310-4CFB-4AC3-9A09-D57EF2B6EAA4}.Release|Any CPU.ActiveCfg = Release|Any CPU
		{107CC310-4CFB-4AC3-9A09-D57EF2B6EAA4}.Release|Any CPU.Build.0 = Release|Any CPU
		{35337BFA-A773-4E6F-B747-252E36E6ECA8}.Debug|Any CPU.ActiveCfg = Debug|Any CPU
		{35337BFA-A773-4E6F-B747-252E36E6ECA8}.Debug|Any CPU.Build.0 = Debug|Any CPU
		{35337BFA-A773-4E6F-B747-252E36E6ECA8}.Release|Any CPU.ActiveCfg = Release|Any CPU
		{35337BFA-A773-4E6F-B747-252E36E6ECA8}.Release|Any CPU.Build.0 = Release|Any CPU
	EndGlobalSection
	GlobalSection(SolutionProperties) = preSolution
		HideSolutionNode = FALSE
	EndGlobalSection
	GlobalSection(ExtensibilityGlobals) = postSolution
		SolutionGuid = {A99E5C90-8740-4EB2-A968-DF4907166C0D}
	EndGlobalSection
EndGlobal
